
Microsoft Visual Studio Solution File, Format Version 12.00
# Visual Studio 14
VisualStudioVersion = 14.0.25420.1
MinimumVisualStudioVersion = 10.0.40219.1
Project("{FAE04EC0-301F-11D3-BF4B-00C04F79EFBC}") = "MultiControl", "MultiControl\MultiControl.csproj", "{B2B9696E-1D59-4EBB-B532-35A9F3308F3B}"
EndProject
Project("{FAE04EC0-301F-11D3-BF4B-00C04F79EFBC}") = "DutClassLibrary", "DutClassLibrary\DutClassLibrary.csproj", "{AB56EB79-682E-4C62-B258-B4158F0B9F52}"
EndProject
Project("{FAE04EC0-301F-11D3-BF4B-00C04F79EFBC}") = "UserGridClassLibrary", "UserGridClassLibrary\UserGridClassLibrary.csproj", "{E179D716-9DF4-4F52-82DD-2EAF2058E474}"
EndProject
Project("{FAE04EC0-301F-11D3-BF4B-00C04F79EFBC}") = "CustomListViewEx", "CustomListViewEx\CustomListViewEx.csproj", "{4B902DF5-6929-4192-A47E-856838055C16}"
EndProject
Project("{FAE04EC0-301F-11D3-BF4B-00C04F79EFBC}") = "RegisterMachine", "RegisterMachine\RegisterMachine.csproj", "{A270D6DF-ECBD-4471-BE1A-0ADAF4EA93D5}"
EndProject
Project("{FAE04EC0-301F-11D3-BF4B-00C04F79EFBC}") = "LibUsbDotNet", "..\LibWinUsb\LibUsbDotNet.csproj", "{0A78F6FF-5586-4052-8104-E23FF83A7CE1}"
EndProject
Project("{FAE04EC0-301F-11D3-BF4B-00C04F79EFBC}") = "UsbTest", "UsbTest\UsbTest.csproj", "{9779F3AE-09E1-44D8-8688-C8BEC1027844}"
EndProject
Project("{FAE04EC0-301F-11D3-BF4B-00C04F79EFBC}") = "CodeTest", "CodeTest\CodeTest.csproj", "{F509EB99-2247-4942-A69B-B9AD8482FD3B}"
EndProject
Project("{FAE04EC0-301F-11D3-BF4B-00C04F79EFBC}") = "CodeTest_WPF", "CodeTest_WPF\CodeTest_WPF.csproj", "{57CA28EE-31C7-4557-9049-8804C3A0752F}"
EndProject
Project("{FAE04EC0-301F-11D3-BF4B-00C04F79EFBC}") = "EZUSB", "EZUSB\EZUSB\EZUSB.csproj", "{EC5728D8-256F-45A7-BCEE-174745B27C8A}"
EndProject
Project("{FAE04EC0-301F-11D3-BF4B-00C04F79EFBC}") = "printTest", "printTest\printTest.csproj", "{1E7CE72E-4332-4F85-8013-46B74F7CEEC2}"
EndProject
Project("{FAE04EC0-301F-11D3-BF4B-00C04F79EFBC}") = "BarcodeLib", "..\BarcodeLib\BarcodeLib\BarcodeLib.csproj", "{F8646414-0C9C-49BB-9DA3-3923BF78A398}"
EndProject
Project("{FAE04EC0-301F-11D3-BF4B-00C04F79EFBC}") = "WindowsFormsApplication1", "WindowsFormsApplication1\WindowsFormsApplication1.csproj", "{D699A5E6-A6C7-4F9B-AC56-2A9BA2E4274F}"
EndProject
Project("{FAE04EC0-301F-11D3-BF4B-00C04F79EFBC}") = "SMEConnector", "SMEConnector\SMEConnector.csproj", "{85E53693-6C3B-485C-88F9-DAC173BF0A3C}"
EndProject
Global
	GlobalSection(SolutionConfigurationPlatforms) = preSolution
		Debug|Any CPU = Debug|Any CPU
		Debug|x86 = Debug|x86
		Release|Any CPU = Release|Any CPU
		Release|x86 = Release|x86
	EndGlobalSection
	GlobalSection(ProjectConfigurationPlatforms) = postSolution
		{B2B9696E-1D59-4EBB-B532-35A9F3308F3B}.Debug|Any CPU.ActiveCfg = Debug|Any CPU
		{B2B9696E-1D59-4EBB-B532-35A9F3308F3B}.Debug|Any CPU.Build.0 = Debug|Any CPU
		{B2B9696E-1D59-4EBB-B532-35A9F3308F3B}.Debug|x86.ActiveCfg = Debug|x86
		{B2B9696E-1D59-4EBB-B532-35A9F3308F3B}.Debug|x86.Build.0 = Debug|x86
		{B2B9696E-1D59-4EBB-B532-35A9F3308F3B}.Release|Any CPU.ActiveCfg = Release|Any CPU
		{B2B9696E-1D59-4EBB-B532-35A9F3308F3B}.Release|Any CPU.Build.0 = Release|Any CPU
		{B2B9696E-1D59-4EBB-B532-35A9F3308F3B}.Release|x86.ActiveCfg = Release|x86
		{B2B9696E-1D59-4EBB-B532-35A9F3308F3B}.Release|x86.Build.0 = Release|x86
		{AB56EB79-682E-4C62-B258-B4158F0B9F52}.Debug|Any CPU.ActiveCfg = Debug|Any CPU
		{AB56EB79-682E-4C62-B258-B4158F0B9F52}.Debug|Any CPU.Build.0 = Debug|Any CPU
		{AB56EB79-682E-4C62-B258-B4158F0B9F52}.Debug|x86.ActiveCfg = Debug|Any CPU
		{AB56EB79-682E-4C62-B258-B4158F0B9F52}.Release|Any CPU.ActiveCfg = Release|Any CPU
		{AB56EB79-682E-4C62-B258-B4158F0B9F52}.Release|Any CPU.Build.0 = Release|Any CPU
		{AB56EB79-682E-4C62-B258-B4158F0B9F52}.Release|x86.ActiveCfg = Release|Any CPU
		{E179D716-9DF4-4F52-82DD-2EAF2058E474}.Debug|Any CPU.ActiveCfg = Debug|Any CPU
		{E179D716-9DF4-4F52-82DD-2EAF2058E474}.Debug|Any CPU.Build.0 = Debug|Any CPU
		{E179D716-9DF4-4F52-82DD-2EAF2058E474}.Debug|x86.ActiveCfg = Debug|Any CPU
		{E179D716-9DF4-4F52-82DD-2EAF2058E474}.Release|Any CPU.ActiveCfg = Release|Any CPU
		{E179D716-9DF4-4F52-82DD-2EAF2058E474}.Release|Any CPU.Build.0 = Release|Any CPU
		{E179D716-9DF4-4F52-82DD-2EAF2058E474}.Release|x86.ActiveCfg = Release|Any CPU
		{4B902DF5-6929-4192-A47E-856838055C16}.Debug|Any CPU.ActiveCfg = Debug|Any CPU
		{4B902DF5-6929-4192-A47E-856838055C16}.Debug|Any CPU.Build.0 = Debug|Any CPU
		{4B902DF5-6929-4192-A47E-856838055C16}.Debug|x86.ActiveCfg = Debug|Any CPU
		{4B902DF5-6929-4192-A47E-856838055C16}.Release|Any CPU.ActiveCfg = Release|Any CPU
		{4B902DF5-6929-4192-A47E-856838055C16}.Release|Any CPU.Build.0 = Release|Any CPU
		{4B902DF5-6929-4192-A47E-856838055C16}.Release|x86.ActiveCfg = Release|Any CPU
		{A270D6DF-ECBD-4471-BE1A-0ADAF4EA93D5}.Debug|Any CPU.ActiveCfg = Debug|Any CPU
		{A270D6DF-ECBD-4471-BE1A-0ADAF4EA93D5}.Debug|Any CPU.Build.0 = Debug|Any CPU
		{A270D6DF-ECBD-4471-BE1A-0ADAF4EA93D5}.Debug|x86.ActiveCfg = Debug|Any CPU
		{A270D6DF-ECBD-4471-BE1A-0ADAF4EA93D5}.Release|Any CPU.ActiveCfg = Release|Any CPU
		{A270D6DF-ECBD-4471-BE1A-0ADAF4EA93D5}.Release|Any CPU.Build.0 = Release|Any CPU
		{A270D6DF-ECBD-4471-BE1A-0ADAF4EA93D5}.Release|x86.ActiveCfg = Release|Any CPU
		{0A78F6FF-5586-4052-8104-E23FF83A7CE1}.Debug|Any CPU.ActiveCfg = Debug|Any CPU
		{0A78F6FF-5586-4052-8104-E23FF83A7CE1}.Debug|Any CPU.Build.0 = Debug|Any CPU
		{0A78F6FF-5586-4052-8104-E23FF83A7CE1}.Debug|x86.ActiveCfg = Debug|x86
		{0A78F6FF-5586-4052-8104-E23FF83A7CE1}.Debug|x86.Build.0 = Debug|x86
		{0A78F6FF-5586-4052-8104-E23FF83A7CE1}.Release|Any CPU.ActiveCfg = Release|Any CPU
		{0A78F6FF-5586-4052-8104-E23FF83A7CE1}.Release|Any CPU.Build.0 = Release|Any CPU
		{0A78F6FF-5586-4052-8104-E23FF83A7CE1}.Release|x86.ActiveCfg = Release|x86
		{0A78F6FF-5586-4052-8104-E23FF83A7CE1}.Release|x86.Build.0 = Release|x86
		{9779F3AE-09E1-44D8-8688-C8BEC1027844}.Debug|Any CPU.ActiveCfg = Debug|Any CPU
		{9779F3AE-09E1-44D8-8688-C8BEC1027844}.Debug|Any CPU.Build.0 = Debug|Any CPU
		{9779F3AE-09E1-44D8-8688-C8BEC1027844}.Debug|x86.ActiveCfg = Debug|Any CPU
		{9779F3AE-09E1-44D8-8688-C8BEC1027844}.Debug|x86.Build.0 = Debug|Any CPU
		{9779F3AE-09E1-44D8-8688-C8BEC1027844}.Release|Any CPU.ActiveCfg = Release|Any CPU
		{9779F3AE-09E1-44D8-8688-C8BEC1027844}.Release|Any CPU.Build.0 = Release|Any CPU
		{9779F3AE-09E1-44D8-8688-C8BEC1027844}.Release|x86.ActiveCfg = Release|Any CPU
		{9779F3AE-09E1-44D8-8688-C8BEC1027844}.Release|x86.Build.0 = Release|Any CPU
		{F509EB99-2247-4942-A69B-B9AD8482FD3B}.Debug|Any CPU.ActiveCfg = Debug|Any CPU
		{F509EB99-2247-4942-A69B-B9AD8482FD3B}.Debug|Any CPU.Build.0 = Debug|Any CPU
		{F509EB99-2247-4942-A69B-B9AD8482FD3B}.Debug|x86.ActiveCfg = Debug|Any CPU
		{F509EB99-2247-4942-A69B-B9AD8482FD3B}.Debug|x86.Build.0 = Debug|Any CPU
		{F509EB99-2247-4942-A69B-B9AD8482FD3B}.Release|Any CPU.ActiveCfg = Release|Any CPU
		{F509EB99-2247-4942-A69B-B9AD8482FD3B}.Release|Any CPU.Build.0 = Release|Any CPU
		{F509EB99-2247-4942-A69B-B9AD8482FD3B}.Release|x86.ActiveCfg = Release|Any CPU
		{F509EB99-2247-4942-A69B-B9AD8482FD3B}.Release|x86.Build.0 = Release|Any CPU
		{57CA28EE-31C7-4557-9049-8804C3A0752F}.Debug|Any CPU.ActiveCfg = Debug|Any CPU
		{57CA28EE-31C7-4557-9049-8804C3A0752F}.Debug|Any CPU.Build.0 = Debug|Any CPU
		{57CA28EE-31C7-4557-9049-8804C3A0752F}.Debug|x86.ActiveCfg = Debug|Any CPU
		{57CA28EE-31C7-4557-9049-8804C3A0752F}.Debug|x86.Build.0 = Debug|Any CPU
		{57CA28EE-31C7-4557-9049-8804C3A0752F}.Release|Any CPU.ActiveCfg = Release|Any CPU
		{57CA28EE-31C7-4557-9049-8804C3A0752F}.Release|Any CPU.Build.0 = Release|Any CPU
		{57CA28EE-31C7-4557-9049-8804C3A0752F}.Release|x86.ActiveCfg = Release|Any CPU
		{57CA28EE-31C7-4557-9049-8804C3A0752F}.Release|x86.Build.0 = Release|Any CPU
		{EC5728D8-256F-45A7-BCEE-174745B27C8A}.Debug|Any CPU.ActiveCfg = Debug|Any CPU
		{EC5728D8-256F-45A7-BCEE-174745B27C8A}.Debug|Any CPU.Build.0 = Debug|Any CPU
		{EC5728D8-256F-45A7-BCEE-174745B27C8A}.Debug|x86.ActiveCfg = Debug|Any CPU
		{EC5728D8-256F-45A7-BCEE-174745B27C8A}.Debug|x86.Build.0 = Debug|Any CPU
		{EC5728D8-256F-45A7-BCEE-174745B27C8A}.Release|Any CPU.ActiveCfg = Release|Any CPU
		{EC5728D8-256F-45A7-BCEE-174745B27C8A}.Release|Any CPU.Build.0 = Release|Any CPU
		{EC5728D8-256F-45A7-BCEE-174745B27C8A}.Release|x86.ActiveCfg = Release|Any CPU
		{EC5728D8-256F-45A7-BCEE-174745B27C8A}.Release|x86.Build.0 = Release|Any CPU
		{1E7CE72E-4332-4F85-8013-46B74F7CEEC2}.Debug|Any CPU.ActiveCfg = Debug|Any CPU
		{1E7CE72E-4332-4F85-8013-46B74F7CEEC2}.Debug|Any CPU.Build.0 = Debug|Any CPU
		{1E7CE72E-4332-4F85-8013-46B74F7CEEC2}.Debug|x86.ActiveCfg = Debug|Any CPU
		{1E7CE72E-4332-4F85-8013-46B74F7CEEC2}.Debug|x86.Build.0 = Debug|Any CPU
		{1E7CE72E-4332-4F85-8013-46B74F7CEEC2}.Release|Any CPU.ActiveCfg = Release|Any CPU
		{1E7CE72E-4332-4F85-8013-46B74F7CEEC2}.Release|Any CPU.Build.0 = Release|Any CPU
		{1E7CE72E-4332-4F85-8013-46B74F7CEEC2}.Release|x86.ActiveCfg = Release|Any CPU
		{1E7CE72E-4332-4F85-8013-46B74F7CEEC2}.Release|x86.Build.0 = Release|Any CPU
		{F8646414-0C9C-49BB-9DA3-3923BF78A398}.Debug|Any CPU.ActiveCfg = Debug|Any CPU
		{F8646414-0C9C-49BB-9DA3-3923BF78A398}.Debug|Any CPU.Build.0 = Debug|Any CPU
		{F8646414-0C9C-49BB-9DA3-3923BF78A398}.Debug|x86.ActiveCfg = Debug|Any CPU
		{F8646414-0C9C-49BB-9DA3-3923BF78A398}.Debug|x86.Build.0 = Debug|Any CPU
		{F8646414-0C9C-49BB-9DA3-3923BF78A398}.Release|Any CPU.ActiveCfg = Release|Any CPU
		{F8646414-0C9C-49BB-9DA3-3923BF78A398}.Release|Any CPU.Build.0 = Release|Any CPU
		{F8646414-0C9C-49BB-9DA3-3923BF78A398}.Release|x86.ActiveCfg = Release|Any CPU
		{F8646414-0C9C-49BB-9DA3-3923BF78A398}.Release|x86.Build.0 = Release|Any CPU
		{D699A5E6-A6C7-4F9B-AC56-2A9BA2E4274F}.Debug|Any CPU.ActiveCfg = Debug|Any CPU
		{D699A5E6-A6C7-4F9B-AC56-2A9BA2E4274F}.Debug|Any CPU.Build.0 = Debug|Any CPU
		{D699A5E6-A6C7-4F9B-AC56-2A9BA2E4274F}.Debug|x86.ActiveCfg = Debug|Any CPU
		{D699A5E6-A6C7-4F9B-AC56-2A9BA2E4274F}.Debug|x86.Build.0 = Debug|Any CPU
		{D699A5E6-A6C7-4F9B-AC56-2A9BA2E4274F}.Release|Any CPU.ActiveCfg = Release|Any CPU
		{D699A5E6-A6C7-4F9B-AC56-2A9BA2E4274F}.Release|Any CPU.Build.0 = Release|Any CPU
		{D699A5E6-A6C7-4F9B-AC56-2A9BA2E4274F}.Release|x86.ActiveCfg = Release|Any CPU
		{D699A5E6-A6C7-4F9B-AC56-2A9BA2E4274F}.Release|x86.Build.0 = Release|Any CPU
		{85E53693-6C3B-485C-88F9-DAC173BF0A3C}.Debug|Any CPU.ActiveCfg = Debug|Any CPU
		{85E53693-6C3B-485C-88F9-DAC173BF0A3C}.Debug|Any CPU.Build.0 = Debug|Any CPU
		{85E53693-6C3B-485C-88F9-DAC173BF0A3C}.Debug|x86.ActiveCfg = Debug|Any CPU
		{85E53693-6C3B-485C-88F9-DAC173BF0A3C}.Debug|x86.Build.0 = Debug|Any CPU
		{85E53693-6C3B-485C-88F9-DAC173BF0A3C}.Release|Any CPU.ActiveCfg = Release|Any CPU
		{85E53693-6C3B-485C-88F9-DAC173BF0A3C}.Release|Any CPU.Build.0 = Release|Any CPU
		{85E53693-6C3B-485C-88F9-DAC173BF0A3C}.Release|x86.ActiveCfg = Release|Any CPU
		{85E53693-6C3B-485C-88F9-DAC173BF0A3C}.Release|x86.Build.0 = Release|Any CPU
	EndGlobalSection
	GlobalSection(SolutionProperties) = preSolution
		HideSolutionNode = FALSE
	EndGlobalSection
EndGlobal
